
Microsoft Visual Studio Solution File, Format Version 12.00
# Visual Studio Version 17
VisualStudioVersion = 17.3.32825.248
MinimumVisualStudioVersion = 10.0.40219.1
Project("{FAE04EC0-301F-11D3-BF4B-00C04F79EFBC}") = "Game 1", "Game 1.csproj", "{B9C5F399-FDD1-4140-8D31-F6F43450A852}"
EndProject
Global
	GlobalSection(SolutionConfigurationPlatforms) = preSolution
		Debug|Any CPU = Debug|Any CPU
		Release|Any CPU = Release|Any CPU
	EndGlobalSection
	GlobalSection(ProjectConfigurationPlatforms) = postSolution
		{B9C5F399-FDD1-4140-8D31-F6F43450A852}.Debug|Any CPU.ActiveCfg = Debug|Any CPU
		{B9C5F399-FDD1-4140-8D31-F6F43450A852}.Debug|Any CPU.Build.0 = Debug|Any CPU
		{B9C5F399-FDD1-4140-8D31-F6F43450A852}.Release|Any CPU.ActiveCfg = Release|Any CPU
		{B9C5F399-FDD1-4140-8D31-F6F43450A852}.Release|Any CPU.Build.0 = Release|Any CPU
	EndGlobalSection
	GlobalSection(SolutionProperties) = preSolution
		HideSolutionNode = FALSE
	EndGlobalSection
	GlobalSection(ExtensibilityGlobals) = postSolution
		SolutionGuid = {0F27D9C0-20DE-4915-B987-3BB617BBD19D}
	EndGlobalSection
EndGlobal
